// !$*UTF8*$!
{
	archiveVersion = 1;
	classes = {
	};
	objectVersion = 56;
	objects = {

/* Begin PBXBuildFile section */
		2D0631B32A2B6A1D0010BE25 /* CampTutorialView.swift in Sources */ = {isa = PBXBuildFile; fileRef = 2D0631B22A2B6A1D0010BE25 /* CampTutorialView.swift */; };
		2D3A12662A2F39570075F01A /* MatchPartnerView.swift in Sources */ = {isa = PBXBuildFile; fileRef = 2D3A12652A2F39570075F01A /* MatchPartnerView.swift */; };
		EE415A802A2E3C6000510C40 /* CreatePostView.swift in Sources */ = {isa = PBXBuildFile; fileRef = EE415A7F2A2E3C6000510C40 /* CreatePostView.swift */; };
		EE415A842A2E47C500510C40 /* HomeView.swift in Sources */ = {isa = PBXBuildFile; fileRef = EE415A832A2E47C500510C40 /* HomeView.swift */; };
		EE799C582A2A5E280084523C /* ccc_demoApp.swift in Sources */ = {isa = PBXBuildFile; fileRef = EE799C572A2A5E280084523C /* ccc_demoApp.swift */; };
		EE799C5A2A2A5E280084523C /* ContentView.swift in Sources */ = {isa = PBXBuildFile; fileRef = EE799C592A2A5E280084523C /* ContentView.swift */; };
		EE799C5C2A2A5E290084523C /* Assets.xcassets in Resources */ = {isa = PBXBuildFile; fileRef = EE799C5B2A2A5E290084523C /* Assets.xcassets */; };
		EE799C5F2A2A5E290084523C /* Preview Assets.xcassets in Resources */ = {isa = PBXBuildFile; fileRef = EE799C5E2A2A5E290084523C /* Preview Assets.xcassets */; };
		EE799C692A2A5E2A0084523C /* ccc_demoTests.swift in Sources */ = {isa = PBXBuildFile; fileRef = EE799C682A2A5E2A0084523C /* ccc_demoTests.swift */; };
		EE799C732A2A5E2A0084523C /* ccc_demoUITests.swift in Sources */ = {isa = PBXBuildFile; fileRef = EE799C722A2A5E2A0084523C /* ccc_demoUITests.swift */; };
		EE799C752A2A5E2A0084523C /* ccc_demoUITestsLaunchTests.swift in Sources */ = {isa = PBXBuildFile; fileRef = EE799C742A2A5E2A0084523C /* ccc_demoUITestsLaunchTests.swift */; };
		EE96DD6C2A2F685400EEFFEE /* PersonalInfoView.swift in Sources */ = {isa = PBXBuildFile; fileRef = EE96DD6B2A2F685400EEFFEE /* PersonalInfoView.swift */; };
/* End PBXBuildFile section */

/* Begin PBXContainerItemProxy section */
		EE799C652A2A5E2A0084523C /* PBXContainerItemProxy */ = {
			isa = PBXContainerItemProxy;
			containerPortal = EE799C4C2A2A5E280084523C /* Project object */;
			proxyType = 1;
			remoteGlobalIDString = EE799C532A2A5E280084523C;
			remoteInfo = "ccc-demo";
		};
		EE799C6F2A2A5E2A0084523C /* PBXContainerItemProxy */ = {
			isa = PBXContainerItemProxy;
			containerPortal = EE799C4C2A2A5E280084523C /* Project object */;
			proxyType = 1;
			remoteGlobalIDString = EE799C532A2A5E280084523C;
			remoteInfo = "ccc-demo";
		};
/* End PBXContainerItemProxy section */

/* Begin PBXFileReference section */
		2D0631B22A2B6A1D0010BE25 /* CampTutorialView.swift */ = {isa = PBXFileReference; lastKnownFileType = sourcecode.swift; path = CampTutorialView.swift; sourceTree = "<group>"; };
		2D3A12652A2F39570075F01A /* MatchPartnerView.swift */ = {isa = PBXFileReference; lastKnownFileType = sourcecode.swift; path = MatchPartnerView.swift; sourceTree = "<group>"; };
		EE415A7F2A2E3C6000510C40 /* CreatePostView.swift */ = {isa = PBXFileReference; lastKnownFileType = sourcecode.swift; path = CreatePostView.swift; sourceTree = "<group>"; };
		EE415A832A2E47C500510C40 /* HomeView.swift */ = {isa = PBXFileReference; lastKnownFileType = sourcecode.swift; path = HomeView.swift; sourceTree = "<group>"; };
		EE799C542A2A5E280084523C /* ccc-demo.app */ = {isa = PBXFileReference; explicitFileType = wrapper.application; includeInIndex = 0; path = "ccc-demo.app"; sourceTree = BUILT_PRODUCTS_DIR; };
		EE799C572A2A5E280084523C /* ccc_demoApp.swift */ = {isa = PBXFileReference; lastKnownFileType = sourcecode.swift; path = ccc_demoApp.swift; sourceTree = "<group>"; };
		EE799C592A2A5E280084523C /* ContentView.swift */ = {isa = PBXFileReference; lastKnownFileType = sourcecode.swift; path = ContentView.swift; sourceTree = "<group>"; };
		EE799C5B2A2A5E290084523C /* Assets.xcassets */ = {isa = PBXFileReference; lastKnownFileType = folder.assetcatalog; path = Assets.xcassets; sourceTree = "<group>"; };
		EE799C5E2A2A5E290084523C /* Preview Assets.xcassets */ = {isa = PBXFileReference; lastKnownFileType = folder.assetcatalog; path = "Preview Assets.xcassets"; sourceTree = "<group>"; };
		EE799C642A2A5E2A0084523C /* ccc-demoTests.xctest */ = {isa = PBXFileReference; explicitFileType = wrapper.cfbundle; includeInIndex = 0; path = "ccc-demoTests.xctest"; sourceTree = BUILT_PRODUCTS_DIR; };
		EE799C682A2A5E2A0084523C /* ccc_demoTests.swift */ = {isa = PBXFileReference; lastKnownFileType = sourcecode.swift; path = ccc_demoTests.swift; sourceTree = "<group>"; };
		EE799C6E2A2A5E2A0084523C /* ccc-demoUITests.xctest */ = {isa = PBXFileReference; explicitFileType = wrapper.cfbundle; includeInIndex = 0; path = "ccc-demoUITests.xctest"; sourceTree = BUILT_PRODUCTS_DIR; };
		EE799C722A2A5E2A0084523C /* ccc_demoUITests.swift */ = {isa = PBXFileReference; lastKnownFileType = sourcecode.swift; path = ccc_demoUITests.swift; sourceTree = "<group>"; };
		EE799C742A2A5E2A0084523C /* ccc_demoUITestsLaunchTests.swift */ = {isa = PBXFileReference; lastKnownFileType = sourcecode.swift; path = ccc_demoUITestsLaunchTests.swift; sourceTree = "<group>"; };
		EE96DD6B2A2F685400EEFFEE /* PersonalInfoView.swift */ = {isa = PBXFileReference; lastKnownFileType = sourcecode.swift; path = PersonalInfoView.swift; sourceTree = "<group>"; };
/* End PBXFileReference section */

/* Begin PBXFrameworksBuildPhase section */
		EE799C512A2A5E280084523C /* Frameworks */ = {
			isa = PBXFrameworksBuildPhase;
			buildActionMask = 2147483647;
			files = (
			);
			runOnlyForDeploymentPostprocessing = 0;
		};
		EE799C612A2A5E2A0084523C /* Frameworks */ = {
			isa = PBXFrameworksBuildPhase;
			buildActionMask = 2147483647;
			files = (
			);
			runOnlyForDeploymentPostprocessing = 0;
		};
		EE799C6B2A2A5E2A0084523C /* Frameworks */ = {
			isa = PBXFrameworksBuildPhase;
			buildActionMask = 2147483647;
			files = (
			);
			runOnlyForDeploymentPostprocessing = 0;
		};
/* End PBXFrameworksBuildPhase section */

/* Begin PBXGroup section */
		EE799C4B2A2A5E280084523C = {
			isa = PBXGroup;
			children = (
				EE799C562A2A5E280084523C /* ccc-demo */,
				EE799C672A2A5E2A0084523C /* ccc-demoTests */,
				EE799C712A2A5E2A0084523C /* ccc-demoUITests */,
				EE799C552A2A5E280084523C /* Products */,
			);
			sourceTree = "<group>";
		};
		EE799C552A2A5E280084523C /* Products */ = {
			isa = PBXGroup;
			children = (
				EE799C542A2A5E280084523C /* ccc-demo.app */,
				EE799C642A2A5E2A0084523C /* ccc-demoTests.xctest */,
				EE799C6E2A2A5E2A0084523C /* ccc-demoUITests.xctest */,
			);
			name = Products;
			sourceTree = "<group>";
		};
		EE799C562A2A5E280084523C /* ccc-demo */ = {
			isa = PBXGroup;
			children = (
				EE799C572A2A5E280084523C /* ccc_demoApp.swift */,
				EE799C592A2A5E280084523C /* ContentView.swift */,
				EE799C5B2A2A5E290084523C /* Assets.xcassets */,
				EE799C5D2A2A5E290084523C /* Preview Content */,
				2D0631B22A2B6A1D0010BE25 /* CampTutorialView.swift */,
				EE415A832A2E47C500510C40 /* HomeView.swift */,
				EE415A7F2A2E3C6000510C40 /* CreatePostView.swift */,
				2D3A12652A2F39570075F01A /* MatchPartnerView.swift */,
				EE96DD6B2A2F685400EEFFEE /* PersonalInfoView.swift */,
			);
			path = "ccc-demo";
			sourceTree = "<group>";
		};
		EE799C5D2A2A5E290084523C /* Preview Content */ = {
			isa = PBXGroup;
			children = (
				EE799C5E2A2A5E290084523C /* Preview Assets.xcassets */,
			);
			path = "Preview Content";
			sourceTree = "<group>";
		};
		EE799C672A2A5E2A0084523C /* ccc-demoTests */ = {
			isa = PBXGroup;
			children = (
				EE799C682A2A5E2A0084523C /* ccc_demoTests.swift */,
			);
			path = "ccc-demoTests";
			sourceTree = "<group>";
		};
		EE799C712A2A5E2A0084523C /* ccc-demoUITests */ = {
			isa = PBXGroup;
			children = (
				EE799C722A2A5E2A0084523C /* ccc_demoUITests.swift */,
				EE799C742A2A5E2A0084523C /* ccc_demoUITestsLaunchTests.swift */,
			);
			path = "ccc-demoUITests";
			sourceTree = "<group>";
		};
/* End PBXGroup section */

/* Begin PBXNativeTarget section */
		EE799C532A2A5E280084523C /* ccc-demo */ = {
			isa = PBXNativeTarget;
			buildConfigurationList = EE799C782A2A5E2A0084523C /* Build configuration list for PBXNativeTarget "ccc-demo" */;
			buildPhases = (
				EE799C502A2A5E280084523C /* Sources */,
				EE799C512A2A5E280084523C /* Frameworks */,
				EE799C522A2A5E280084523C /* Resources */,
			);
			buildRules = (
			);
			dependencies = (
			);
			name = "ccc-demo";
			productName = "ccc-demo";
			productReference = EE799C542A2A5E280084523C /* ccc-demo.app */;
			productType = "com.apple.product-type.application";
		};
		EE799C632A2A5E2A0084523C /* ccc-demoTests */ = {
			isa = PBXNativeTarget;
			buildConfigurationList = EE799C7B2A2A5E2A0084523C /* Build configuration list for PBXNativeTarget "ccc-demoTests" */;
			buildPhases = (
				EE799C602A2A5E2A0084523C /* Sources */,
				EE799C612A2A5E2A0084523C /* Frameworks */,
				EE799C622A2A5E2A0084523C /* Resources */,
			);
			buildRules = (
			);
			dependencies = (
				EE799C662A2A5E2A0084523C /* PBXTargetDependency */,
			);
			name = "ccc-demoTests";
			productName = "ccc-demoTests";
			productReference = EE799C642A2A5E2A0084523C /* ccc-demoTests.xctest */;
			productType = "com.apple.product-type.bundle.unit-test";
		};
		EE799C6D2A2A5E2A0084523C /* ccc-demoUITests */ = {
			isa = PBXNativeTarget;
			buildConfigurationList = EE799C7E2A2A5E2A0084523C /* Build configuration list for PBXNativeTarget "ccc-demoUITests" */;
			buildPhases = (
				EE799C6A2A2A5E2A0084523C /* Sources */,
				EE799C6B2A2A5E2A0084523C /* Frameworks */,
				EE799C6C2A2A5E2A0084523C /* Resources */,
			);
			buildRules = (
			);
			dependencies = (
				EE799C702A2A5E2A0084523C /* PBXTargetDependency */,
			);
			name = "ccc-demoUITests";
			productName = "ccc-demoUITests";
			productReference = EE799C6E2A2A5E2A0084523C /* ccc-demoUITests.xctest */;
			productType = "com.apple.product-type.bundle.ui-testing";
		};
/* End PBXNativeTarget section */

/* Begin PBXProject section */
		EE799C4C2A2A5E280084523C /* Project object */ = {
			isa = PBXProject;
			attributes = {
				BuildIndependentTargetsInParallel = 1;
				LastSwiftUpdateCheck = 1430;
				LastUpgradeCheck = 1430;
				TargetAttributes = {
					EE799C532A2A5E280084523C = {
						CreatedOnToolsVersion = 14.3;
					};
					EE799C632A2A5E2A0084523C = {
						CreatedOnToolsVersion = 14.3;
						TestTargetID = EE799C532A2A5E280084523C;
					};
					EE799C6D2A2A5E2A0084523C = {
						CreatedOnToolsVersion = 14.3;
						TestTargetID = EE799C532A2A5E280084523C;
					};
				};
			};
			buildConfigurationList = EE799C4F2A2A5E280084523C /* Build configuration list for PBXProject "ccc-demo" */;
			compatibilityVersion = "Xcode 14.0";
			developmentRegion = en;
			hasScannedForEncodings = 0;
			knownRegions = (
				en,
				Base,
			);
			mainGroup = EE799C4B2A2A5E280084523C;
			productRefGroup = EE799C552A2A5E280084523C /* Products */;
			projectDirPath = "";
			projectRoot = "";
			targets = (
				EE799C532A2A5E280084523C /* ccc-demo */,
				EE799C632A2A5E2A0084523C /* ccc-demoTests */,
				EE799C6D2A2A5E2A0084523C /* ccc-demoUITests */,
			);
		};
/* End PBXProject section */

/* Begin PBXResourcesBuildPhase section */
		EE799C522A2A5E280084523C /* Resources */ = {
			isa = PBXResourcesBuildPhase;
			buildActionMask = 2147483647;
			files = (
				EE799C5F2A2A5E290084523C /* Preview Assets.xcassets in Resources */,
				EE799C5C2A2A5E290084523C /* Assets.xcassets in Resources */,
			);
			runOnlyForDeploymentPostprocessing = 0;
		};
		EE799C622A2A5E2A0084523C /* Resources */ = {
			isa = PBXResourcesBuildPhase;
			buildActionMask = 2147483647;
			files = (
			);
			runOnlyForDeploymentPostprocessing = 0;
		};
		EE799C6C2A2A5E2A0084523C /* Resources */ = {
			isa = PBXResourcesBuildPhase;
			buildActionMask = 2147483647;
			files = (
			);
			runOnlyForDeploymentPostprocessing = 0;
		};
/* End PBXResourcesBuildPhase section */

/* Begin PBXSourcesBuildPhase section */
		EE799C502A2A5E280084523C /* Sources */ = {
			isa = PBXSourcesBuildPhase;
			buildActionMask = 2147483647;
			files = (
				EE415A802A2E3C6000510C40 /* CreatePostView.swift in Sources */,
				EE799C5A2A2A5E280084523C /* ContentView.swift in Sources */,
				EE415A842A2E47C500510C40 /* HomeView.swift in Sources */,
				EE96DD6C2A2F685400EEFFEE /* PersonalInfoView.swift in Sources */,
				2D0631B32A2B6A1D0010BE25 /* CampTutorialView.swift in Sources */,
				EE799C582A2A5E280084523C /* ccc_demoApp.swift in Sources */,
				2D3A12662A2F39570075F01A /* MatchPartnerView.swift in Sources */,
			);
			runOnlyForDeploymentPostprocessing = 0;
		};
		EE799C602A2A5E2A0084523C /* Sources */ = {
			isa = PBXSourcesBuildPhase;
			buildActionMask = 2147483647;
			files = (
				EE799C692A2A5E2A0084523C /* ccc_demoTests.swift in Sources */,
			);
			runOnlyForDeploymentPostprocessing = 0;
		};
		EE799C6A2A2A5E2A0084523C /* Sources */ = {
			isa = PBXSourcesBuildPhase;
			buildActionMask = 2147483647;
			files = (
				EE799C752A2A5E2A0084523C /* ccc_demoUITestsLaunchTests.swift in Sources */,
				EE799C732A2A5E2A0084523C /* ccc_demoUITests.swift in Sources */,
			);
			runOnlyForDeploymentPostprocessing = 0;
		};
/* End PBXSourcesBuildPhase section */

/* Begin PBXTargetDependency section */
		EE799C662A2A5E2A0084523C /* PBXTargetDependency */ = {
			isa = PBXTargetDependency;
			target = EE799C532A2A5E280084523C /* ccc-demo */;
			targetProxy = EE799C652A2A5E2A0084523C /* PBXContainerItemProxy */;
		};
		EE799C702A2A5E2A0084523C /* PBXTargetDependency */ = {
			isa = PBXTargetDependency;
			target = EE799C532A2A5E280084523C /* ccc-demo */;
			targetProxy = EE799C6F2A2A5E2A0084523C /* PBXContainerItemProxy */;
		};
/* End PBXTargetDependency section */

/* Begin XCBuildConfiguration section */
		EE799C762A2A5E2A0084523C /* Debug */ = {
			isa = XCBuildConfiguration;
			buildSettings = {
				ALWAYS_SEARCH_USER_PATHS = NO;
				CLANG_ANALYZER_NONNULL = YES;
				CLANG_ANALYZER_NUMBER_OBJECT_CONVERSION = YES_AGGRESSIVE;
				CLANG_CXX_LANGUAGE_STANDARD = "gnu++20";
				CLANG_ENABLE_MODULES = YES;
				CLANG_ENABLE_OBJC_ARC = YES;
				CLANG_ENABLE_OBJC_WEAK = YES;
				CLANG_WARN_BLOCK_CAPTURE_AUTORELEASING = YES;
				CLANG_WARN_BOOL_CONVERSION = YES;
				CLANG_WARN_COMMA = YES;
				CLANG_WARN_CONSTANT_CONVERSION = YES;
				CLANG_WARN_DEPRECATED_OBJC_IMPLEMENTATIONS = YES;
				CLANG_WARN_DIRECT_OBJC_ISA_USAGE = YES_ERROR;
				CLANG_WARN_DOCUMENTATION_COMMENTS = YES;
				CLANG_WARN_EMPTY_BODY = YES;
				CLANG_WARN_ENUM_CONVERSION = YES;
				CLANG_WARN_INFINITE_RECURSION = YES;
				CLANG_WARN_INT_CONVERSION = YES;
				CLANG_WARN_NON_LITERAL_NULL_CONVERSION = YES;
				CLANG_WARN_OBJC_IMPLICIT_RETAIN_SELF = YES;
				CLANG_WARN_OBJC_LITERAL_CONVERSION = YES;
				CLANG_WARN_OBJC_ROOT_CLASS = YES_ERROR;
				CLANG_WARN_QUOTED_INCLUDE_IN_FRAMEWORK_HEADER = YES;
				CLANG_WARN_RANGE_LOOP_ANALYSIS = YES;
				CLANG_WARN_STRICT_PROTOTYPES = YES;
				CLANG_WARN_SUSPICIOUS_MOVE = YES;
				CLANG_WARN_UNGUARDED_AVAILABILITY = YES_AGGRESSIVE;
				CLANG_WARN_UNREACHABLE_CODE = YES;
				CLANG_WARN__DUPLICATE_METHOD_MATCH = YES;
				COPY_PHASE_STRIP = NO;
				DEBUG_INFORMATION_FORMAT = dwarf;
				ENABLE_STRICT_OBJC_MSGSEND = YES;
				ENABLE_TESTABILITY = YES;
				GCC_C_LANGUAGE_STANDARD = gnu11;
				GCC_DYNAMIC_NO_PIC = NO;
				GCC_NO_COMMON_BLOCKS = YES;
				GCC_OPTIMIZATION_LEVEL = 0;
				GCC_PREPROCESSOR_DEFINITIONS = (
					"DEBUG=1",
					"$(inherited)",
				);
				GCC_WARN_64_TO_32_BIT_CONVERSION = YES;
				GCC_WARN_ABOUT_RETURN_TYPE = YES_ERROR;
				GCC_WARN_UNDECLARED_SELECTOR = YES;
				GCC_WARN_UNINITIALIZED_AUTOS = YES_AGGRESSIVE;
				GCC_WARN_UNUSED_FUNCTION = YES;
				GCC_WARN_UNUSED_VARIABLE = YES;
				IPHONEOS_DEPLOYMENT_TARGET = 16.2;
				MTL_ENABLE_DEBUG_INFO = INCLUDE_SOURCE;
				MTL_FAST_MATH = YES;
				ONLY_ACTIVE_ARCH = YES;
				SDKROOT = iphoneos;
				SWIFT_ACTIVE_COMPILATION_CONDITIONS = DEBUG;
				SWIFT_OPTIMIZATION_LEVEL = "-Onone";
			};
			name = Debug;
		};
		EE799C772A2A5E2A0084523C /* Release */ = {
			isa = XCBuildConfiguration;
			buildSettings = {
				ALWAYS_SEARCH_USER_PATHS = NO;
				CLANG_ANALYZER_NONNULL = YES;
				CLANG_ANALYZER_NUMBER_OBJECT_CONVERSION = YES_AGGRESSIVE;
				CLANG_CXX_LANGUAGE_STANDARD = "gnu++20";
				CLANG_ENABLE_MODULES = YES;
				CLANG_ENABLE_OBJC_ARC = YES;
				CLANG_ENABLE_OBJC_WEAK = YES;
				CLANG_WARN_BLOCK_CAPTURE_AUTORELEASING = YES;
				CLANG_WARN_BOOL_CONVERSION = YES;
				CLANG_WARN_COMMA = YES;
				CLANG_WARN_CONSTANT_CONVERSION = YES;
				CLANG_WARN_DEPRECATED_OBJC_IMPLEMENTATIONS = YES;
				CLANG_WARN_DIRECT_OBJC_ISA_USAGE = YES_ERROR;
				CLANG_WARN_DOCUMENTATION_COMMENTS = YES;
				CLANG_WARN_EMPTY_BODY = YES;
				CLANG_WARN_ENUM_CONVERSION = YES;
				CLANG_WARN_INFINITE_RECURSION = YES;
				CLANG_WARN_INT_CONVERSION = YES;
				CLANG_WARN_NON_LITERAL_NULL_CONVERSION = YES;
				CLANG_WARN_OBJC_IMPLICIT_RETAIN_SELF = YES;
				CLANG_WARN_OBJC_LITERAL_CONVERSION = YES;
				CLANG_WARN_OBJC_ROOT_CLASS = YES_ERROR;
				CLANG_WARN_QUOTED_INCLUDE_IN_FRAMEWORK_HEADER = YES;
				CLANG_WARN_RANGE_LOOP_ANALYSIS = YES;
				CLANG_WARN_STRICT_PROTOTYPES = YES;
				CLANG_WARN_SUSPICIOUS_MOVE = YES;
				CLANG_WARN_UNGUARDED_AVAILABILITY = YES_AGGRESSIVE;
				CLANG_WARN_UNREACHABLE_CODE = YES;
				CLANG_WARN__DUPLICATE_METHOD_MATCH = YES;
				COPY_PHASE_STRIP = NO;
				DEBUG_INFORMATION_FORMAT = "dwarf-with-dsym";
				ENABLE_NS_ASSERTIONS = NO;
				ENABLE_STRICT_OBJC_MSGSEND = YES;
				GCC_C_LANGUAGE_STANDARD = gnu11;
				GCC_NO_COMMON_BLOCKS = YES;
				GCC_WARN_64_TO_32_BIT_CONVERSION = YES;
				GCC_WARN_ABOUT_RETURN_TYPE = YES_ERROR;
				GCC_WARN_UNDECLARED_SELECTOR = YES;
				GCC_WARN_UNINITIALIZED_AUTOS = YES_AGGRESSIVE;
				GCC_WARN_UNUSED_FUNCTION = YES;
				GCC_WARN_UNUSED_VARIABLE = YES;
				IPHONEOS_DEPLOYMENT_TARGET = 16.2;
				MTL_ENABLE_DEBUG_INFO = NO;
				MTL_FAST_MATH = YES;
				SDKROOT = iphoneos;
				SWIFT_COMPILATION_MODE = wholemodule;
				SWIFT_OPTIMIZATION_LEVEL = "-O";
				VALIDATE_PRODUCT = YES;
			};
			name = Release;
		};
		EE799C792A2A5E2A0084523C /* Debug */ = {
			isa = XCBuildConfiguration;
			buildSettings = {
				ASSETCATALOG_COMPILER_APPICON_NAME = AppIcon;
				ASSETCATALOG_COMPILER_GLOBAL_ACCENT_COLOR_NAME = AccentColor;
				CODE_SIGN_STYLE = Automatic;
				CURRENT_PROJECT_VERSION = 1;
				DEVELOPMENT_ASSET_PATHS = "\"ccc-demo/Preview Content\"";
				ENABLE_PREVIEWS = YES;
				GENERATE_INFOPLIST_FILE = YES;
				INFOPLIST_KEY_UIApplicationSceneManifest_Generation = YES;
				INFOPLIST_KEY_UIApplicationSupportsIndirectInputEvents = YES;
				INFOPLIST_KEY_UILaunchScreen_Generation = YES;
				INFOPLIST_KEY_UISupportedInterfaceOrientations_iPad = "UIInterfaceOrientationPortrait UIInterfaceOrientationPortraitUpsideDown UIInterfaceOrientationLandscapeLeft UIInterfaceOrientationLandscapeRight";
				INFOPLIST_KEY_UISupportedInterfaceOrientations_iPhone = "UIInterfaceOrientationPortrait UIInterfaceOrientationLandscapeLeft UIInterfaceOrientationLandscapeRight";
				LD_RUNPATH_SEARCH_PATHS = (
					"$(inherited)",
					"@executable_path/Frameworks",
				);
				MARKETING_VERSION = 1.0;
				PRODUCT_BUNDLE_IDENTIFIER = "com.ccc.ccc-demo";
				PRODUCT_NAME = "$(TARGET_NAME)";
				SWIFT_EMIT_LOC_STRINGS = YES;
				SWIFT_VERSION = 5.0;
				TARGETED_DEVICE_FAMILY = "1,2";
			};
			name = Debug;
		};
		EE799C7A2A2A5E2A0084523C /* Release */ = {
			isa = XCBuildConfiguration;
			buildSettings = {
				ASSETCATALOG_COMPILER_APPICON_NAME = AppIcon;
				ASSETCATALOG_COMPILER_GLOBAL_ACCENT_COLOR_NAME = AccentColor;
				CODE_SIGN_STYLE = Automatic;
				CURRENT_PROJECT_VERSION = 1;
				DEVELOPMENT_ASSET_PATHS = "\"ccc-demo/Preview Content\"";
				ENABLE_PREVIEWS = YES;
				GENERATE_INFOPLIST_FILE = YES;
				INFOPLIST_KEY_UIApplicationSceneManifest_Generation = YES;
				INFOPLIST_KEY_UIApplicationSupportsIndirectInputEvents = YES;
				INFOPLIST_KEY_UILaunchScreen_Generation = YES;
				INFOPLIST_KEY_UISupportedInterfaceOrientations_iPad = "UIInterfaceOrientationPortrait UIInterfaceOrientationPortraitUpsideDown UIInterfaceOrientationLandscapeLeft UIInterfaceOrientationLandscapeRight";
				INFOPLIST_KEY_UISupportedInterfaceOrientations_iPhone = "UIInterfaceOrientationPortrait UIInterfaceOrientationLandscapeLeft UIInterfaceOrientationLandscapeRight";
				LD_RUNPATH_SEARCH_PATHS = (
					"$(inherited)",
					"@executable_path/Frameworks",
				);
				MARKETING_VERSION = 1.0;
				PRODUCT_BUNDLE_IDENTIFIER = "com.ccc.ccc-demo";
				PRODUCT_NAME = "$(TARGET_NAME)";
				SWIFT_EMIT_LOC_STRINGS = YES;
				SWIFT_VERSION = 5.0;
				TARGETED_DEVICE_FAMILY = "1,2";
			};
			name = Release;
		};
		EE799C7C2A2A5E2A0084523C /* Debug */ = {
			isa = XCBuildConfiguration;
			buildSettings = {
				ALWAYS_EMBED_SWIFT_STANDARD_LIBRARIES = YES;
				BUNDLE_LOADER = "$(TEST_HOST)";
				CODE_SIGN_STYLE = Automatic;
				CURRENT_PROJECT_VERSION = 1;
				GENERATE_INFOPLIST_FILE = YES;
				IPHONEOS_DEPLOYMENT_TARGET = 16.4;
				MARKETING_VERSION = 1.0;
				PRODUCT_BUNDLE_IDENTIFIER = "com.ccc.ccc-demoTests";
				PRODUCT_NAME = "$(TARGET_NAME)";
				SWIFT_EMIT_LOC_STRINGS = NO;
				SWIFT_VERSION = 5.0;
				TARGETED_DEVICE_FAMILY = "1,2";
				TEST_HOST = "$(BUILT_PRODUCTS_DIR)/ccc-demo.app/$(BUNDLE_EXECUTABLE_FOLDER_PATH)/ccc-demo";
			};
			name = Debug;
		};
		EE799C7D2A2A5E2A0084523C /* Release */ = {
			isa = XCBuildConfiguration;
			buildSettings = {
				ALWAYS_EMBED_SWIFT_STANDARD_LIBRARIES = YES;
				BUNDLE_LOADER = "$(TEST_HOST)";
				CODE_SIGN_STYLE = Automatic;
				CURRENT_PROJECT_VERSION = 1;
				GENERATE_INFOPLIST_FILE = YES;
				IPHONEOS_DEPLOYMENT_TARGET = 16.4;
				MARKETING_VERSION = 1.0;
				PRODUCT_BUNDLE_IDENTIFIER = "com.ccc.ccc-demoTests";
				PRODUCT_NAME = "$(TARGET_NAME)";
				SWIFT_EMIT_LOC_STRINGS = NO;
				SWIFT_VERSION = 5.0;
				TARGETED_DEVICE_FAMILY = "1,2";
				TEST_HOST = "$(BUILT_PRODUCTS_DIR)/ccc-demo.app/$(BUNDLE_EXECUTABLE_FOLDER_PATH)/ccc-demo";
			};
			name = Release;
		};
		EE799C7F2A2A5E2A0084523C /* Debug */ = {
			isa = XCBuildConfiguration;
			buildSettings = {
				ALWAYS_EMBED_SWIFT_STANDARD_LIBRARIES = YES;
				CODE_SIGN_STYLE = Automatic;
				CURRENT_PROJECT_VERSION = 1;
				GENERATE_INFOPLIST_FILE = YES;
				MARKETING_VERSION = 1.0;
				PRODUCT_BUNDLE_IDENTIFIER = "com.ccc.ccc-demoUITests";
				PRODUCT_NAME = "$(TARGET_NAME)";
				SWIFT_EMIT_LOC_STRINGS = NO;
				SWIFT_VERSION = 5.0;
				TARGETED_DEVICE_FAMILY = "1,2";
				TEST_TARGET_NAME = "ccc-demo";
			};
			name = Debug;
		};
		EE799C802A2A5E2A0084523C /* Release */ = {
			isa = XCBuildConfiguration;
			buildSettings = {
				ALWAYS_EMBED_SWIFT_STANDARD_LIBRARIES = YES;
				CODE_SIGN_STYLE = Automatic;
				CURRENT_PROJECT_VERSION = 1;
				GENERATE_INFOPLIST_FILE = YES;
				MARKETING_VERSION = 1.0;
				PRODUCT_BUNDLE_IDENTIFIER = "com.ccc.ccc-demoUITests";
				PRODUCT_NAME = "$(TARGET_NAME)";
				SWIFT_EMIT_LOC_STRINGS = NO;
				SWIFT_VERSION = 5.0;
				TARGETED_DEVICE_FAMILY = "1,2";
				TEST_TARGET_NAME = "ccc-demo";
			};
			name = Release;
		};
/* End XCBuildConfiguration section */

/* Begin XCConfigurationList section */
		EE799C4F2A2A5E280084523C /* Build configuration list for PBXProject "ccc-demo" */ = {
			isa = XCConfigurationList;
			buildConfigurations = (
				EE799C762A2A5E2A0084523C /* Debug */,
				EE799C772A2A5E2A0084523C /* Release */,
			);
			defaultConfigurationIsVisible = 0;
			defaultConfigurationName = Release;
		};
		EE799C782A2A5E2A0084523C /* Build configuration list for PBXNativeTarget "ccc-demo" */ = {
			isa = XCConfigurationList;
			buildConfigurations = (
				EE799C792A2A5E2A0084523C /* Debug */,
				EE799C7A2A2A5E2A0084523C /* Release */,
			);
			defaultConfigurationIsVisible = 0;
			defaultConfigurationName = Release;
		};
		EE799C7B2A2A5E2A0084523C /* Build configuration list for PBXNativeTarget "ccc-demoTests" */ = {
			isa = XCConfigurationList;
			buildConfigurations = (
				EE799C7C2A2A5E2A0084523C /* Debug */,
				EE799C7D2A2A5E2A0084523C /* Release */,
			);
			defaultConfigurationIsVisible = 0;
			defaultConfigurationName = Release;
		};
		EE799C7E2A2A5E2A0084523C /* Build configuration list for PBXNativeTarget "ccc-demoUITests" */ = {
			isa = XCConfigurationList;
			buildConfigurations = (
				EE799C7F2A2A5E2A0084523C /* Debug */,
				EE799C802A2A5E2A0084523C /* Release */,
			);
			defaultConfigurationIsVisible = 0;
			defaultConfigurationName = Release;
		};
/* End XCConfigurationList section */
	};
	rootObject = EE799C4C2A2A5E280084523C /* Project object */;
}
